// !$*UTF8*$!
{
	archiveVersion = 1;
	classes = {
	};
	objectVersion = 55;
	objects = {

/* Begin PBXBuildFile section */
		7F0E409BF8327537D0D12A26 /* Pods_Fitpet.framework in Frameworks */ = {isa = PBXBuildFile; fileRef = 84C51DBCF10BEF57F7DE40A8 /* Pods_Fitpet.framework */; };
		8543BF212A249C09001114C9 /* ForecastModel.swift in Sources */ = {isa = PBXBuildFile; fileRef = 8543BF202A249C09001114C9 /* ForecastModel.swift */; };
		8543BF232A249E09001114C9 /* WeatherIconMap.swift in Sources */ = {isa = PBXBuildFile; fileRef = 8543BF222A249E09001114C9 /* WeatherIconMap.swift */; };
		8543BF252A24AEC1001114C9 /* ForecastListCell.swift in Sources */ = {isa = PBXBuildFile; fileRef = 8543BF242A24AEC1001114C9 /* ForecastListCell.swift */; };
		8543BF272A24B676001114C9 /* ForecastListSectionHeaderView.swift in Sources */ = {isa = PBXBuildFile; fileRef = 8543BF262A24B676001114C9 /* ForecastListSectionHeaderView.swift */; };
		855857752A2061AC00E1B46B /* AppDelegate.swift in Sources */ = {isa = PBXBuildFile; fileRef = 855857742A2061AC00E1B46B /* AppDelegate.swift */; };
		855857772A2061AC00E1B46B /* SceneDelegate.swift in Sources */ = {isa = PBXBuildFile; fileRef = 855857762A2061AC00E1B46B /* SceneDelegate.swift */; };
		8558577E2A2061AD00E1B46B /* Assets.xcassets in Resources */ = {isa = PBXBuildFile; fileRef = 8558577D2A2061AD00E1B46B /* Assets.xcassets */; };
		855857812A2061AD00E1B46B /* LaunchScreen.storyboard in Resources */ = {isa = PBXBuildFile; fileRef = 8558577F2A2061AD00E1B46B /* LaunchScreen.storyboard */; };
		8558578C2A2061AD00E1B46B /* FitpetTests.swift in Sources */ = {isa = PBXBuildFile; fileRef = 8558578B2A2061AD00E1B46B /* FitpetTests.swift */; };
		855857962A2061AD00E1B46B /* FitpetUITests.swift in Sources */ = {isa = PBXBuildFile; fileRef = 855857952A2061AD00E1B46B /* FitpetUITests.swift */; };
		855857982A2061AD00E1B46B /* FitpetUITestsLaunchTests.swift in Sources */ = {isa = PBXBuildFile; fileRef = 855857972A2061AD00E1B46B /* FitpetUITestsLaunchTests.swift */; };
		855857C22A20713300E1B46B /* ForecastViewController.swift in Sources */ = {isa = PBXBuildFile; fileRef = 855857B92A20713300E1B46B /* ForecastViewController.swift */; };
		855857C32A20713300E1B46B /* ForecastInteractor.swift in Sources */ = {isa = PBXBuildFile; fileRef = 855857BA2A20713300E1B46B /* ForecastInteractor.swift */; };
		855857C42A20713300E1B46B /* ForecastModels.swift in Sources */ = {isa = PBXBuildFile; fileRef = 855857BB2A20713300E1B46B /* ForecastModels.swift */; };
		855857C62A20713300E1B46B /* ForecastView.swift in Sources */ = {isa = PBXBuildFile; fileRef = 855857BE2A20713300E1B46B /* ForecastView.swift */; };
		855857C72A20713300E1B46B /* ForecastRouter.swift in Sources */ = {isa = PBXBuildFile; fileRef = 855857BF2A20713300E1B46B /* ForecastRouter.swift */; };
		855857C82A20713300E1B46B /* ForecastPresenter.swift in Sources */ = {isa = PBXBuildFile; fileRef = 855857C02A20713300E1B46B /* ForecastPresenter.swift */; };
		855857C92A20713300E1B46B /* ForecastWorker.swift in Sources */ = {isa = PBXBuildFile; fileRef = 855857C12A20713300E1B46B /* ForecastWorker.swift */; };
		855857CD2A20A8BC00E1B46B /* OpenWeatherMapAPI.swift in Sources */ = {isa = PBXBuildFile; fileRef = 855857CC2A20A8BC00E1B46B /* OpenWeatherMapAPI.swift */; };
		855857D02A20CDD100E1B46B /* OWMCoordinatesDto.swift in Sources */ = {isa = PBXBuildFile; fileRef = 855857CF2A20CDD100E1B46B /* OWMCoordinatesDto.swift */; };
		855857D52A24633600E1B46B /* Configurations.swift in Sources */ = {isa = PBXBuildFile; fileRef = 855857D42A24633600E1B46B /* Configurations.swift */; };
		855857D82A24788000E1B46B /* OWMOneCallDto.swift in Sources */ = {isa = PBXBuildFile; fileRef = 855857D72A24788000E1B46B /* OWMOneCallDto.swift */; };
		855857DB2A247B1500E1B46B /* ForecastService.swift in Sources */ = {isa = PBXBuildFile; fileRef = 855857DA2A247B1500E1B46B /* ForecastService.swift */; };
		855857DE2A24810E00E1B46B /* DailyForecastModel.swift in Sources */ = {isa = PBXBuildFile; fileRef = 855857DD2A24810E00E1B46B /* DailyForecastModel.swift */; };
		9D3B21E46A7D733C085D76FB /* Pods_Fitpet_FitpetUITests.framework in Frameworks */ = {isa = PBXBuildFile; fileRef = B153F360981C046D141297AE /* Pods_Fitpet_FitpetUITests.framework */; };
		9F9B3D686B91393F6CDDDB06 /* Pods_FitpetTests.framework in Frameworks */ = {isa = PBXBuildFile; fileRef = D75EA009A1300058C6B7B6FB /* Pods_FitpetTests.framework */; };
/* End PBXBuildFile section */

/* Begin PBXContainerItemProxy section */
		855857882A2061AD00E1B46B /* PBXContainerItemProxy */ = {
			isa = PBXContainerItemProxy;
			containerPortal = 855857692A2061AC00E1B46B /* Project object */;
			proxyType = 1;
			remoteGlobalIDString = 855857702A2061AC00E1B46B;
			remoteInfo = Fitpet;
		};
		855857922A2061AD00E1B46B /* PBXContainerItemProxy */ = {
			isa = PBXContainerItemProxy;
			containerPortal = 855857692A2061AC00E1B46B /* Project object */;
			proxyType = 1;
			remoteGlobalIDString = 855857702A2061AC00E1B46B;
			remoteInfo = Fitpet;
		};
/* End PBXContainerItemProxy section */

/* Begin PBXFileReference section */
		33ACF175A3DFA814A29F7DEA /* Pods-Fitpet.release.xcconfig */ = {isa = PBXFileReference; includeInIndex = 1; lastKnownFileType = text.xcconfig; name = "Pods-Fitpet.release.xcconfig"; path = "Target Support Files/Pods-Fitpet/Pods-Fitpet.release.xcconfig"; sourceTree = "<group>"; };
		5D43AA14613EBF90167347DB /* Pods-FitpetTests.release.xcconfig */ = {isa = PBXFileReference; includeInIndex = 1; lastKnownFileType = text.xcconfig; name = "Pods-FitpetTests.release.xcconfig"; path = "Target Support Files/Pods-FitpetTests/Pods-FitpetTests.release.xcconfig"; sourceTree = "<group>"; };
		60274A72C72501015F696EAE /* Pods-Fitpet-FitpetUITests.debug.xcconfig */ = {isa = PBXFileReference; includeInIndex = 1; lastKnownFileType = text.xcconfig; name = "Pods-Fitpet-FitpetUITests.debug.xcconfig"; path = "Target Support Files/Pods-Fitpet-FitpetUITests/Pods-Fitpet-FitpetUITests.debug.xcconfig"; sourceTree = "<group>"; };
		84C51DBCF10BEF57F7DE40A8 /* Pods_Fitpet.framework */ = {isa = PBXFileReference; explicitFileType = wrapper.framework; includeInIndex = 0; path = Pods_Fitpet.framework; sourceTree = BUILT_PRODUCTS_DIR; };
		8543BF202A249C09001114C9 /* ForecastModel.swift */ = {isa = PBXFileReference; lastKnownFileType = sourcecode.swift; path = ForecastModel.swift; sourceTree = "<group>"; };
		8543BF222A249E09001114C9 /* WeatherIconMap.swift */ = {isa = PBXFileReference; lastKnownFileType = sourcecode.swift; path = WeatherIconMap.swift; sourceTree = "<group>"; };
		8543BF242A24AEC1001114C9 /* ForecastListCell.swift */ = {isa = PBXFileReference; lastKnownFileType = sourcecode.swift; path = ForecastListCell.swift; sourceTree = "<group>"; };
		8543BF262A24B676001114C9 /* ForecastListSectionHeaderView.swift */ = {isa = PBXFileReference; lastKnownFileType = sourcecode.swift; path = ForecastListSectionHeaderView.swift; sourceTree = "<group>"; };
		855857712A2061AC00E1B46B /* Fitpet.app */ = {isa = PBXFileReference; explicitFileType = wrapper.application; includeInIndex = 0; path = Fitpet.app; sourceTree = BUILT_PRODUCTS_DIR; };
		855857742A2061AC00E1B46B /* AppDelegate.swift */ = {isa = PBXFileReference; lastKnownFileType = sourcecode.swift; path = AppDelegate.swift; sourceTree = "<group>"; };
		855857762A2061AC00E1B46B /* SceneDelegate.swift */ = {isa = PBXFileReference; lastKnownFileType = sourcecode.swift; path = SceneDelegate.swift; sourceTree = "<group>"; };
		8558577D2A2061AD00E1B46B /* Assets.xcassets */ = {isa = PBXFileReference; lastKnownFileType = folder.assetcatalog; path = Assets.xcassets; sourceTree = "<group>"; };
		855857802A2061AD00E1B46B /* Base */ = {isa = PBXFileReference; lastKnownFileType = file.storyboard; name = Base; path = Base.lproj/LaunchScreen.storyboard; sourceTree = "<group>"; };
		855857822A2061AD00E1B46B /* Info.plist */ = {isa = PBXFileReference; lastKnownFileType = text.plist.xml; path = Info.plist; sourceTree = "<group>"; };
		855857872A2061AD00E1B46B /* FitpetTests.xctest */ = {isa = PBXFileReference; explicitFileType = wrapper.cfbundle; includeInIndex = 0; path = FitpetTests.xctest; sourceTree = BUILT_PRODUCTS_DIR; };
		8558578B2A2061AD00E1B46B /* FitpetTests.swift */ = {isa = PBXFileReference; lastKnownFileType = sourcecode.swift; path = FitpetTests.swift; sourceTree = "<group>"; };
		855857912A2061AD00E1B46B /* FitpetUITests.xctest */ = {isa = PBXFileReference; explicitFileType = wrapper.cfbundle; includeInIndex = 0; path = FitpetUITests.xctest; sourceTree = BUILT_PRODUCTS_DIR; };
		855857952A2061AD00E1B46B /* FitpetUITests.swift */ = {isa = PBXFileReference; lastKnownFileType = sourcecode.swift; path = FitpetUITests.swift; sourceTree = "<group>"; };
		855857972A2061AD00E1B46B /* FitpetUITestsLaunchTests.swift */ = {isa = PBXFileReference; lastKnownFileType = sourcecode.swift; path = FitpetUITestsLaunchTests.swift; sourceTree = "<group>"; };
		855857B92A20713300E1B46B /* ForecastViewController.swift */ = {isa = PBXFileReference; fileEncoding = 4; lastKnownFileType = sourcecode.swift; path = ForecastViewController.swift; sourceTree = "<group>"; };
		855857BA2A20713300E1B46B /* ForecastInteractor.swift */ = {isa = PBXFileReference; fileEncoding = 4; lastKnownFileType = sourcecode.swift; path = ForecastInteractor.swift; sourceTree = "<group>"; };
		855857BB2A20713300E1B46B /* ForecastModels.swift */ = {isa = PBXFileReference; fileEncoding = 4; lastKnownFileType = sourcecode.swift; path = ForecastModels.swift; sourceTree = "<group>"; };
		855857BE2A20713300E1B46B /* ForecastView.swift */ = {isa = PBXFileReference; fileEncoding = 4; lastKnownFileType = sourcecode.swift; path = ForecastView.swift; sourceTree = "<group>"; };
		855857BF2A20713300E1B46B /* ForecastRouter.swift */ = {isa = PBXFileReference; fileEncoding = 4; lastKnownFileType = sourcecode.swift; path = ForecastRouter.swift; sourceTree = "<group>"; };
		855857C02A20713300E1B46B /* ForecastPresenter.swift */ = {isa = PBXFileReference; fileEncoding = 4; lastKnownFileType = sourcecode.swift; path = ForecastPresenter.swift; sourceTree = "<group>"; };
		855857C12A20713300E1B46B /* ForecastWorker.swift */ = {isa = PBXFileReference; fileEncoding = 4; lastKnownFileType = sourcecode.swift; path = ForecastWorker.swift; sourceTree = "<group>"; };
		855857CC2A20A8BC00E1B46B /* OpenWeatherMapAPI.swift */ = {isa = PBXFileReference; lastKnownFileType = sourcecode.swift; path = OpenWeatherMapAPI.swift; sourceTree = "<group>"; };
		855857CF2A20CDD100E1B46B /* OWMCoordinatesDto.swift */ = {isa = PBXFileReference; lastKnownFileType = sourcecode.swift; path = OWMCoordinatesDto.swift; sourceTree = "<group>"; };
		855857D22A24627900E1B46B /* Config-Debug.xcconfig */ = {isa = PBXFileReference; lastKnownFileType = text.xcconfig; path = "Config-Debug.xcconfig"; sourceTree = "<group>"; };
		855857D32A2462BA00E1B46B /* Config-Release.xcconfig */ = {isa = PBXFileReference; lastKnownFileType = text.xcconfig; path = "Config-Release.xcconfig"; sourceTree = "<group>"; };
		855857D42A24633600E1B46B /* Configurations.swift */ = {isa = PBXFileReference; lastKnownFileType = sourcecode.swift; path = Configurations.swift; sourceTree = "<group>"; };
		855857D72A24788000E1B46B /* OWMOneCallDto.swift */ = {isa = PBXFileReference; lastKnownFileType = sourcecode.swift; path = OWMOneCallDto.swift; sourceTree = "<group>"; };
		855857DA2A247B1500E1B46B /* ForecastService.swift */ = {isa = PBXFileReference; lastKnownFileType = sourcecode.swift; path = ForecastService.swift; sourceTree = "<group>"; };
		855857DD2A24810E00E1B46B /* DailyForecastModel.swift */ = {isa = PBXFileReference; lastKnownFileType = sourcecode.swift; path = DailyForecastModel.swift; sourceTree = "<group>"; };
		B153F360981C046D141297AE /* Pods_Fitpet_FitpetUITests.framework */ = {isa = PBXFileReference; explicitFileType = wrapper.framework; includeInIndex = 0; path = Pods_Fitpet_FitpetUITests.framework; sourceTree = BUILT_PRODUCTS_DIR; };
		BDA0E99686CD33D8F512870C /* Pods-Fitpet.debug.xcconfig */ = {isa = PBXFileReference; includeInIndex = 1; lastKnownFileType = text.xcconfig; name = "Pods-Fitpet.debug.xcconfig"; path = "Target Support Files/Pods-Fitpet/Pods-Fitpet.debug.xcconfig"; sourceTree = "<group>"; };
		D75EA009A1300058C6B7B6FB /* Pods_FitpetTests.framework */ = {isa = PBXFileReference; explicitFileType = wrapper.framework; includeInIndex = 0; path = Pods_FitpetTests.framework; sourceTree = BUILT_PRODUCTS_DIR; };
		D79B727A3F59112D2570B1C6 /* Pods-Fitpet-FitpetUITests.release.xcconfig */ = {isa = PBXFileReference; includeInIndex = 1; lastKnownFileType = text.xcconfig; name = "Pods-Fitpet-FitpetUITests.release.xcconfig"; path = "Target Support Files/Pods-Fitpet-FitpetUITests/Pods-Fitpet-FitpetUITests.release.xcconfig"; sourceTree = "<group>"; };
		FCD5E10E21E0C7E0B2938623 /* Pods-FitpetTests.debug.xcconfig */ = {isa = PBXFileReference; includeInIndex = 1; lastKnownFileType = text.xcconfig; name = "Pods-FitpetTests.debug.xcconfig"; path = "Target Support Files/Pods-FitpetTests/Pods-FitpetTests.debug.xcconfig"; sourceTree = "<group>"; };
/* End PBXFileReference section */

/* Begin PBXFrameworksBuildPhase section */
		8558576E2A2061AC00E1B46B /* Frameworks */ = {
			isa = PBXFrameworksBuildPhase;
			buildActionMask = 2147483647;
			files = (
				7F0E409BF8327537D0D12A26 /* Pods_Fitpet.framework in Frameworks */,
			);
			runOnlyForDeploymentPostprocessing = 0;
		};
		855857842A2061AD00E1B46B /* Frameworks */ = {
			isa = PBXFrameworksBuildPhase;
			buildActionMask = 2147483647;
			files = (
				9F9B3D686B91393F6CDDDB06 /* Pods_FitpetTests.framework in Frameworks */,
			);
			runOnlyForDeploymentPostprocessing = 0;
		};
		8558578E2A2061AD00E1B46B /* Frameworks */ = {
			isa = PBXFrameworksBuildPhase;
			buildActionMask = 2147483647;
			files = (
				9D3B21E46A7D733C085D76FB /* Pods_Fitpet_FitpetUITests.framework in Frameworks */,
			);
			runOnlyForDeploymentPostprocessing = 0;
		};
/* End PBXFrameworksBuildPhase section */

/* Begin PBXGroup section */
		3CCEF9C65F101E73B7A9AC3D /* Pods */ = {
			isa = PBXGroup;
			children = (
				BDA0E99686CD33D8F512870C /* Pods-Fitpet.debug.xcconfig */,
				33ACF175A3DFA814A29F7DEA /* Pods-Fitpet.release.xcconfig */,
				60274A72C72501015F696EAE /* Pods-Fitpet-FitpetUITests.debug.xcconfig */,
				D79B727A3F59112D2570B1C6 /* Pods-Fitpet-FitpetUITests.release.xcconfig */,
				FCD5E10E21E0C7E0B2938623 /* Pods-FitpetTests.debug.xcconfig */,
				5D43AA14613EBF90167347DB /* Pods-FitpetTests.release.xcconfig */,
			);
			path = Pods;
			sourceTree = "<group>";
		};
		676FE65B81A1E98FE73A34D8 /* Frameworks */ = {
			isa = PBXGroup;
			children = (
				84C51DBCF10BEF57F7DE40A8 /* Pods_Fitpet.framework */,
				B153F360981C046D141297AE /* Pods_Fitpet_FitpetUITests.framework */,
				D75EA009A1300058C6B7B6FB /* Pods_FitpetTests.framework */,
			);
			name = Frameworks;
			sourceTree = "<group>";
		};
		855857682A2061AC00E1B46B = {
			isa = PBXGroup;
			children = (
				855857732A2061AC00E1B46B /* Fitpet */,
				8558578A2A2061AD00E1B46B /* FitpetTests */,
				855857942A2061AD00E1B46B /* FitpetUITests */,
				855857722A2061AC00E1B46B /* Products */,
				3CCEF9C65F101E73B7A9AC3D /* Pods */,
				676FE65B81A1E98FE73A34D8 /* Frameworks */,
			);
			sourceTree = "<group>";
		};
		855857722A2061AC00E1B46B /* Products */ = {
			isa = PBXGroup;
			children = (
				855857712A2061AC00E1B46B /* Fitpet.app */,
				855857872A2061AD00E1B46B /* FitpetTests.xctest */,
				855857912A2061AD00E1B46B /* FitpetUITests.xctest */,
			);
			name = Products;
			sourceTree = "<group>";
		};
		855857732A2061AC00E1B46B /* Fitpet */ = {
			isa = PBXGroup;
			children = (
				855857742A2061AC00E1B46B /* AppDelegate.swift */,
				855857762A2061AC00E1B46B /* SceneDelegate.swift */,
				8558577D2A2061AD00E1B46B /* Assets.xcassets */,
				8558577F2A2061AD00E1B46B /* LaunchScreen.storyboard */,
				855857822A2061AD00E1B46B /* Info.plist */,
				855857D62A24652E00E1B46B /* Configurations */,
				855857CA2A20A87D00E1B46B /* Networks */,
				855857D92A247ACE00E1B46B /* Services */,
				855857B72A20713300E1B46B /* Scenes */,
			);
			path = Fitpet;
			sourceTree = "<group>";
		};
		8558578A2A2061AD00E1B46B /* FitpetTests */ = {
			isa = PBXGroup;
			children = (
				8558578B2A2061AD00E1B46B /* FitpetTests.swift */,
			);
			path = FitpetTests;
			sourceTree = "<group>";
		};
		855857942A2061AD00E1B46B /* FitpetUITests */ = {
			isa = PBXGroup;
			children = (
				855857952A2061AD00E1B46B /* FitpetUITests.swift */,
				855857972A2061AD00E1B46B /* FitpetUITestsLaunchTests.swift */,
			);
			path = FitpetUITests;
			sourceTree = "<group>";
		};
		855857B72A20713300E1B46B /* Scenes */ = {
			isa = PBXGroup;
			children = (
				855857B82A20713300E1B46B /* Forecast */,
			);
			path = Scenes;
			sourceTree = "<group>";
		};
		855857B82A20713300E1B46B /* Forecast */ = {
			isa = PBXGroup;
			children = (
				855857BD2A20713300E1B46B /* Views */,
				855857B92A20713300E1B46B /* ForecastViewController.swift */,
				855857BA2A20713300E1B46B /* ForecastInteractor.swift */,
				855857C02A20713300E1B46B /* ForecastPresenter.swift */,
				855857C12A20713300E1B46B /* ForecastWorker.swift */,
				855857BB2A20713300E1B46B /* ForecastModels.swift */,
				855857BF2A20713300E1B46B /* ForecastRouter.swift */,
			);
			path = Forecast;
			sourceTree = "<group>";
		};
		855857BD2A20713300E1B46B /* Views */ = {
			isa = PBXGroup;
			children = (
				855857BE2A20713300E1B46B /* ForecastView.swift */,
				8543BF242A24AEC1001114C9 /* ForecastListCell.swift */,
				8543BF262A24B676001114C9 /* ForecastListSectionHeaderView.swift */,
			);
			path = Views;
			sourceTree = "<group>";
		};
		855857CA2A20A87D00E1B46B /* Networks */ = {
			isa = PBXGroup;
			children = (
				855857D12A2461C200E1B46B /* OpenWeatherMapAPI */,
			);
			path = Networks;
			sourceTree = "<group>";
		};
		855857CE2A20CDB700E1B46B /* Dto */ = {
			isa = PBXGroup;
			children = (
				855857CF2A20CDD100E1B46B /* OWMCoordinatesDto.swift */,
				855857D72A24788000E1B46B /* OWMOneCallDto.swift */,
			);
			path = Dto;
			sourceTree = "<group>";
		};
		855857D12A2461C200E1B46B /* OpenWeatherMapAPI */ = {
			isa = PBXGroup;
			children = (
				855857CE2A20CDB700E1B46B /* Dto */,
				855857CC2A20A8BC00E1B46B /* OpenWeatherMapAPI.swift */,
			);
			path = OpenWeatherMapAPI;
			sourceTree = "<group>";
		};
		855857D62A24652E00E1B46B /* Configurations */ = {
			isa = PBXGroup;
			children = (
				855857D42A24633600E1B46B /* Configurations.swift */,
				855857D22A24627900E1B46B /* Config-Debug.xcconfig */,
				855857D32A2462BA00E1B46B /* Config-Release.xcconfig */,
			);
			path = Configurations;
			sourceTree = "<group>";
		};
		855857D92A247ACE00E1B46B /* Services */ = {
			isa = PBXGroup;
			children = (
				855857DC2A247C9700E1B46B /* Models */,
				855857DA2A247B1500E1B46B /* ForecastService.swift */,
				8543BF222A249E09001114C9 /* WeatherIconMap.swift */,
			);
			path = Services;
			sourceTree = "<group>";
		};
		855857DC2A247C9700E1B46B /* Models */ = {
			isa = PBXGroup;
			children = (
				855857DD2A24810E00E1B46B /* DailyForecastModel.swift */,
				8543BF202A249C09001114C9 /* ForecastModel.swift */,
			);
			path = Models;
			sourceTree = "<group>";
		};
/* End PBXGroup section */

/* Begin PBXNativeTarget section */
		855857702A2061AC00E1B46B /* Fitpet */ = {
			isa = PBXNativeTarget;
			buildConfigurationList = 8558579B2A2061AD00E1B46B /* Build configuration list for PBXNativeTarget "Fitpet" */;
			buildPhases = (
				3E71153FE7CA72F8D02EE34B /* [CP] Check Pods Manifest.lock */,
				8558576D2A2061AC00E1B46B /* Sources */,
				8558576E2A2061AC00E1B46B /* Frameworks */,
				8558576F2A2061AC00E1B46B /* Resources */,
				1436F6B106E30310497A72D5 /* [CP] Embed Pods Frameworks */,
			);
			buildRules = (
			);
			dependencies = (
			);
			name = Fitpet;
			productName = Fitpet;
			productReference = 855857712A2061AC00E1B46B /* Fitpet.app */;
			productType = "com.apple.product-type.application";
		};
		855857862A2061AD00E1B46B /* FitpetTests */ = {
			isa = PBXNativeTarget;
			buildConfigurationList = 8558579E2A2061AD00E1B46B /* Build configuration list for PBXNativeTarget "FitpetTests" */;
			buildPhases = (
				450F51C41D7D169FA440F525 /* [CP] Check Pods Manifest.lock */,
				855857832A2061AD00E1B46B /* Sources */,
				855857842A2061AD00E1B46B /* Frameworks */,
				855857852A2061AD00E1B46B /* Resources */,
			);
			buildRules = (
			);
			dependencies = (
				855857892A2061AD00E1B46B /* PBXTargetDependency */,
			);
			name = FitpetTests;
			productName = FitpetTests;
			productReference = 855857872A2061AD00E1B46B /* FitpetTests.xctest */;
			productType = "com.apple.product-type.bundle.unit-test";
		};
		855857902A2061AD00E1B46B /* FitpetUITests */ = {
			isa = PBXNativeTarget;
			buildConfigurationList = 855857A12A2061AD00E1B46B /* Build configuration list for PBXNativeTarget "FitpetUITests" */;
			buildPhases = (
				DD4BC14BA93375E436F48686 /* [CP] Check Pods Manifest.lock */,
				8558578D2A2061AD00E1B46B /* Sources */,
				8558578E2A2061AD00E1B46B /* Frameworks */,
				8558578F2A2061AD00E1B46B /* Resources */,
				F7364AD00D2CD682E1658623 /* [CP] Embed Pods Frameworks */,
			);
			buildRules = (
			);
			dependencies = (
				855857932A2061AD00E1B46B /* PBXTargetDependency */,
			);
			name = FitpetUITests;
			productName = FitpetUITests;
			productReference = 855857912A2061AD00E1B46B /* FitpetUITests.xctest */;
			productType = "com.apple.product-type.bundle.ui-testing";
		};
/* End PBXNativeTarget section */

/* Begin PBXProject section */
		855857692A2061AC00E1B46B /* Project object */ = {
			isa = PBXProject;
			attributes = {
				BuildIndependentTargetsInParallel = 1;
				LastSwiftUpdateCheck = 1420;
				LastUpgradeCheck = 1420;
				TargetAttributes = {
					855857702A2061AC00E1B46B = {
						CreatedOnToolsVersion = 14.2;
					};
					855857862A2061AD00E1B46B = {
						CreatedOnToolsVersion = 14.2;
						TestTargetID = 855857702A2061AC00E1B46B;
					};
					855857902A2061AD00E1B46B = {
						CreatedOnToolsVersion = 14.2;
						TestTargetID = 855857702A2061AC00E1B46B;
					};
				};
			};
			buildConfigurationList = 8558576C2A2061AC00E1B46B /* Build configuration list for PBXProject "Fitpet" */;
			compatibilityVersion = "Xcode 13.0";
			developmentRegion = en;
			hasScannedForEncodings = 0;
			knownRegions = (
				en,
				Base,
			);
			mainGroup = 855857682A2061AC00E1B46B;
			productRefGroup = 855857722A2061AC00E1B46B /* Products */;
			projectDirPath = "";
			projectRoot = "";
			targets = (
				855857702A2061AC00E1B46B /* Fitpet */,
				855857862A2061AD00E1B46B /* FitpetTests */,
				855857902A2061AD00E1B46B /* FitpetUITests */,
			);
		};
/* End PBXProject section */

/* Begin PBXResourcesBuildPhase section */
		8558576F2A2061AC00E1B46B /* Resources */ = {
			isa = PBXResourcesBuildPhase;
			buildActionMask = 2147483647;
			files = (
				855857812A2061AD00E1B46B /* LaunchScreen.storyboard in Resources */,
				8558577E2A2061AD00E1B46B /* Assets.xcassets in Resources */,
			);
			runOnlyForDeploymentPostprocessing = 0;
		};
		855857852A2061AD00E1B46B /* Resources */ = {
			isa = PBXResourcesBuildPhase;
			buildActionMask = 2147483647;
			files = (
			);
			runOnlyForDeploymentPostprocessing = 0;
		};
		8558578F2A2061AD00E1B46B /* Resources */ = {
			isa = PBXResourcesBuildPhase;
			buildActionMask = 2147483647;
			files = (
			);
			runOnlyForDeploymentPostprocessing = 0;
		};
/* End PBXResourcesBuildPhase section */

/* Begin PBXShellScriptBuildPhase section */
		1436F6B106E30310497A72D5 /* [CP] Embed Pods Frameworks */ = {
			isa = PBXShellScriptBuildPhase;
			buildActionMask = 2147483647;
			files = (
			);
			inputFileListPaths = (
				"${PODS_ROOT}/Target Support Files/Pods-Fitpet/Pods-Fitpet-frameworks-${CONFIGURATION}-input-files.xcfilelist",
			);
			name = "[CP] Embed Pods Frameworks";
			outputFileListPaths = (
				"${PODS_ROOT}/Target Support Files/Pods-Fitpet/Pods-Fitpet-frameworks-${CONFIGURATION}-output-files.xcfilelist",
			);
			runOnlyForDeploymentPostprocessing = 0;
			shellPath = /bin/sh;
			shellScript = "\"${PODS_ROOT}/Target Support Files/Pods-Fitpet/Pods-Fitpet-frameworks.sh\"\n";
			showEnvVarsInLog = 0;
		};
		3E71153FE7CA72F8D02EE34B /* [CP] Check Pods Manifest.lock */ = {
			isa = PBXShellScriptBuildPhase;
			buildActionMask = 2147483647;
			files = (
			);
			inputFileListPaths = (
			);
			inputPaths = (
				"${PODS_PODFILE_DIR_PATH}/Podfile.lock",
				"${PODS_ROOT}/Manifest.lock",
			);
			name = "[CP] Check Pods Manifest.lock";
			outputFileListPaths = (
			);
			outputPaths = (
				"$(DERIVED_FILE_DIR)/Pods-Fitpet-checkManifestLockResult.txt",
			);
			runOnlyForDeploymentPostprocessing = 0;
			shellPath = /bin/sh;
			shellScript = "diff \"${PODS_PODFILE_DIR_PATH}/Podfile.lock\" \"${PODS_ROOT}/Manifest.lock\" > /dev/null\nif [ $? != 0 ] ; then\n    # print error to STDERR\n    echo \"error: The sandbox is not in sync with the Podfile.lock. Run 'pod install' or update your CocoaPods installation.\" >&2\n    exit 1\nfi\n# This output is used by Xcode 'outputs' to avoid re-running this script phase.\necho \"SUCCESS\" > \"${SCRIPT_OUTPUT_FILE_0}\"\n";
			showEnvVarsInLog = 0;
		};
		450F51C41D7D169FA440F525 /* [CP] Check Pods Manifest.lock */ = {
			isa = PBXShellScriptBuildPhase;
			buildActionMask = 2147483647;
			files = (
			);
			inputFileListPaths = (
			);
			inputPaths = (
				"${PODS_PODFILE_DIR_PATH}/Podfile.lock",
				"${PODS_ROOT}/Manifest.lock",
			);
			name = "[CP] Check Pods Manifest.lock";
			outputFileListPaths = (
			);
			outputPaths = (
				"$(DERIVED_FILE_DIR)/Pods-FitpetTests-checkManifestLockResult.txt",
			);
			runOnlyForDeploymentPostprocessing = 0;
			shellPath = /bin/sh;
			shellScript = "diff \"${PODS_PODFILE_DIR_PATH}/Podfile.lock\" \"${PODS_ROOT}/Manifest.lock\" > /dev/null\nif [ $? != 0 ] ; then\n    # print error to STDERR\n    echo \"error: The sandbox is not in sync with the Podfile.lock. Run 'pod install' or update your CocoaPods installation.\" >&2\n    exit 1\nfi\n# This output is used by Xcode 'outputs' to avoid re-running this script phase.\necho \"SUCCESS\" > \"${SCRIPT_OUTPUT_FILE_0}\"\n";
			showEnvVarsInLog = 0;
		};
		DD4BC14BA93375E436F48686 /* [CP] Check Pods Manifest.lock */ = {
			isa = PBXShellScriptBuildPhase;
			buildActionMask = 2147483647;
			files = (
			);
			inputFileListPaths = (
			);
			inputPaths = (
				"${PODS_PODFILE_DIR_PATH}/Podfile.lock",
				"${PODS_ROOT}/Manifest.lock",
			);
			name = "[CP] Check Pods Manifest.lock";
			outputFileListPaths = (
			);
			outputPaths = (
				"$(DERIVED_FILE_DIR)/Pods-Fitpet-FitpetUITests-checkManifestLockResult.txt",
			);
			runOnlyForDeploymentPostprocessing = 0;
			shellPath = /bin/sh;
			shellScript = "diff \"${PODS_PODFILE_DIR_PATH}/Podfile.lock\" \"${PODS_ROOT}/Manifest.lock\" > /dev/null\nif [ $? != 0 ] ; then\n    # print error to STDERR\n    echo \"error: The sandbox is not in sync with the Podfile.lock. Run 'pod install' or update your CocoaPods installation.\" >&2\n    exit 1\nfi\n# This output is used by Xcode 'outputs' to avoid re-running this script phase.\necho \"SUCCESS\" > \"${SCRIPT_OUTPUT_FILE_0}\"\n";
			showEnvVarsInLog = 0;
		};
		F7364AD00D2CD682E1658623 /* [CP] Embed Pods Frameworks */ = {
			isa = PBXShellScriptBuildPhase;
			buildActionMask = 2147483647;
			files = (
			);
			inputFileListPaths = (
				"${PODS_ROOT}/Target Support Files/Pods-Fitpet-FitpetUITests/Pods-Fitpet-FitpetUITests-frameworks-${CONFIGURATION}-input-files.xcfilelist",
			);
			name = "[CP] Embed Pods Frameworks";
			outputFileListPaths = (
				"${PODS_ROOT}/Target Support Files/Pods-Fitpet-FitpetUITests/Pods-Fitpet-FitpetUITests-frameworks-${CONFIGURATION}-output-files.xcfilelist",
			);
			runOnlyForDeploymentPostprocessing = 0;
			shellPath = /bin/sh;
			shellScript = "\"${PODS_ROOT}/Target Support Files/Pods-Fitpet-FitpetUITests/Pods-Fitpet-FitpetUITests-frameworks.sh\"\n";
			showEnvVarsInLog = 0;
		};
/* End PBXShellScriptBuildPhase section */

/* Begin PBXSourcesBuildPhase section */
		8558576D2A2061AC00E1B46B /* Sources */ = {
			isa = PBXSourcesBuildPhase;
			buildActionMask = 2147483647;
			files = (
				8543BF272A24B676001114C9 /* ForecastListSectionHeaderView.swift in Sources */,
				855857C72A20713300E1B46B /* ForecastRouter.swift in Sources */,
				855857C92A20713300E1B46B /* ForecastWorker.swift in Sources */,
				855857D52A24633600E1B46B /* Configurations.swift in Sources */,
				855857C62A20713300E1B46B /* ForecastView.swift in Sources */,
				855857C22A20713300E1B46B /* ForecastViewController.swift in Sources */,
				855857CD2A20A8BC00E1B46B /* OpenWeatherMapAPI.swift in Sources */,
				8543BF212A249C09001114C9 /* ForecastModel.swift in Sources */,
				855857752A2061AC00E1B46B /* AppDelegate.swift in Sources */,
				855857DE2A24810E00E1B46B /* DailyForecastModel.swift in Sources */,
				8543BF252A24AEC1001114C9 /* ForecastListCell.swift in Sources */,
				8543BF232A249E09001114C9 /* WeatherIconMap.swift in Sources */,
				855857D02A20CDD100E1B46B /* OWMCoordinatesDto.swift in Sources */,
				855857C82A20713300E1B46B /* ForecastPresenter.swift in Sources */,
				855857C32A20713300E1B46B /* ForecastInteractor.swift in Sources */,
				855857D82A24788000E1B46B /* OWMOneCallDto.swift in Sources */,
				855857C42A20713300E1B46B /* ForecastModels.swift in Sources */,
				855857DB2A247B1500E1B46B /* ForecastService.swift in Sources */,
				855857772A2061AC00E1B46B /* SceneDelegate.swift in Sources */,
			);
			runOnlyForDeploymentPostprocessing = 0;
		};
		855857832A2061AD00E1B46B /* Sources */ = {
			isa = PBXSourcesBuildPhase;
			buildActionMask = 2147483647;
			files = (
				8558578C2A2061AD00E1B46B /* FitpetTests.swift in Sources */,
			);
			runOnlyForDeploymentPostprocessing = 0;
		};
		8558578D2A2061AD00E1B46B /* Sources */ = {
			isa = PBXSourcesBuildPhase;
			buildActionMask = 2147483647;
			files = (
				855857982A2061AD00E1B46B /* FitpetUITestsLaunchTests.swift in Sources */,
				855857962A2061AD00E1B46B /* FitpetUITests.swift in Sources */,
			);
			runOnlyForDeploymentPostprocessing = 0;
		};
/* End PBXSourcesBuildPhase section */

/* Begin PBXTargetDependency section */
		855857892A2061AD00E1B46B /* PBXTargetDependency */ = {
			isa = PBXTargetDependency;
			target = 855857702A2061AC00E1B46B /* Fitpet */;
			targetProxy = 855857882A2061AD00E1B46B /* PBXContainerItemProxy */;
		};
		855857932A2061AD00E1B46B /* PBXTargetDependency */ = {
			isa = PBXTargetDependency;
			target = 855857702A2061AC00E1B46B /* Fitpet */;
			targetProxy = 855857922A2061AD00E1B46B /* PBXContainerItemProxy */;
		};
/* End PBXTargetDependency section */

/* Begin PBXVariantGroup section */
		8558577F2A2061AD00E1B46B /* LaunchScreen.storyboard */ = {
			isa = PBXVariantGroup;
			children = (
				855857802A2061AD00E1B46B /* Base */,
			);
			name = LaunchScreen.storyboard;
			sourceTree = "<group>";
		};
/* End PBXVariantGroup section */

/* Begin XCBuildConfiguration section */
		855857992A2061AD00E1B46B /* Debug */ = {
			isa = XCBuildConfiguration;
			baseConfigurationReference = 855857D22A24627900E1B46B /* Config-Debug.xcconfig */;
			buildSettings = {
				ALWAYS_SEARCH_USER_PATHS = NO;
				CLANG_ANALYZER_NONNULL = YES;
				CLANG_ANALYZER_NUMBER_OBJECT_CONVERSION = YES_AGGRESSIVE;
				CLANG_CXX_LANGUAGE_STANDARD = "gnu++20";
				CLANG_ENABLE_MODULES = YES;
				CLANG_ENABLE_OBJC_ARC = YES;
				CLANG_ENABLE_OBJC_WEAK = YES;
				CLANG_WARN_BLOCK_CAPTURE_AUTORELEASING = YES;
				CLANG_WARN_BOOL_CONVERSION = YES;
				CLANG_WARN_COMMA = YES;
				CLANG_WARN_CONSTANT_CONVERSION = YES;
				CLANG_WARN_DEPRECATED_OBJC_IMPLEMENTATIONS = YES;
				CLANG_WARN_DIRECT_OBJC_ISA_USAGE = YES_ERROR;
				CLANG_WARN_DOCUMENTATION_COMMENTS = YES;
				CLANG_WARN_EMPTY_BODY = YES;
				CLANG_WARN_ENUM_CONVERSION = YES;
				CLANG_WARN_INFINITE_RECURSION = YES;
				CLANG_WARN_INT_CONVERSION = YES;
				CLANG_WARN_NON_LITERAL_NULL_CONVERSION = YES;
				CLANG_WARN_OBJC_IMPLICIT_RETAIN_SELF = YES;
				CLANG_WARN_OBJC_LITERAL_CONVERSION = YES;
				CLANG_WARN_OBJC_ROOT_CLASS = YES_ERROR;
				CLANG_WARN_QUOTED_INCLUDE_IN_FRAMEWORK_HEADER = YES;
				CLANG_WARN_RANGE_LOOP_ANALYSIS = YES;
				CLANG_WARN_STRICT_PROTOTYPES = YES;
				CLANG_WARN_SUSPICIOUS_MOVE = YES;
				CLANG_WARN_UNGUARDED_AVAILABILITY = YES_AGGRESSIVE;
				CLANG_WARN_UNREACHABLE_CODE = YES;
				CLANG_WARN__DUPLICATE_METHOD_MATCH = YES;
				COPY_PHASE_STRIP = NO;
				DEBUG_INFORMATION_FORMAT = dwarf;
				ENABLE_STRICT_OBJC_MSGSEND = YES;
				ENABLE_TESTABILITY = YES;
				GCC_C_LANGUAGE_STANDARD = gnu11;
				GCC_DYNAMIC_NO_PIC = NO;
				GCC_NO_COMMON_BLOCKS = YES;
				GCC_OPTIMIZATION_LEVEL = 0;
				GCC_PREPROCESSOR_DEFINITIONS = (
					"DEBUG=1",
					"$(inherited)",
				);
				GCC_WARN_64_TO_32_BIT_CONVERSION = YES;
				GCC_WARN_ABOUT_RETURN_TYPE = YES_ERROR;
				GCC_WARN_UNDECLARED_SELECTOR = YES;
				GCC_WARN_UNINITIALIZED_AUTOS = YES_AGGRESSIVE;
				GCC_WARN_UNUSED_FUNCTION = YES;
				GCC_WARN_UNUSED_VARIABLE = YES;
				IPHONEOS_DEPLOYMENT_TARGET = 16.2;
				MTL_ENABLE_DEBUG_INFO = INCLUDE_SOURCE;
				MTL_FAST_MATH = YES;
				ONLY_ACTIVE_ARCH = YES;
				SDKROOT = iphoneos;
				SWIFT_ACTIVE_COMPILATION_CONDITIONS = DEBUG;
				SWIFT_OPTIMIZATION_LEVEL = "-Onone";
			};
			name = Debug;
		};
		8558579A2A2061AD00E1B46B /* Release */ = {
			isa = XCBuildConfiguration;
			baseConfigurationReference = 855857D32A2462BA00E1B46B /* Config-Release.xcconfig */;
			buildSettings = {
				ALWAYS_SEARCH_USER_PATHS = NO;
				CLANG_ANALYZER_NONNULL = YES;
				CLANG_ANALYZER_NUMBER_OBJECT_CONVERSION = YES_AGGRESSIVE;
				CLANG_CXX_LANGUAGE_STANDARD = "gnu++20";
				CLANG_ENABLE_MODULES = YES;
				CLANG_ENABLE_OBJC_ARC = YES;
				CLANG_ENABLE_OBJC_WEAK = YES;
				CLANG_WARN_BLOCK_CAPTURE_AUTORELEASING = YES;
				CLANG_WARN_BOOL_CONVERSION = YES;
				CLANG_WARN_COMMA = YES;
				CLANG_WARN_CONSTANT_CONVERSION = YES;
				CLANG_WARN_DEPRECATED_OBJC_IMPLEMENTATIONS = YES;
				CLANG_WARN_DIRECT_OBJC_ISA_USAGE = YES_ERROR;
				CLANG_WARN_DOCUMENTATION_COMMENTS = YES;
				CLANG_WARN_EMPTY_BODY = YES;
				CLANG_WARN_ENUM_CONVERSION = YES;
				CLANG_WARN_INFINITE_RECURSION = YES;
				CLANG_WARN_INT_CONVERSION = YES;
				CLANG_WARN_NON_LITERAL_NULL_CONVERSION = YES;
				CLANG_WARN_OBJC_IMPLICIT_RETAIN_SELF = YES;
				CLANG_WARN_OBJC_LITERAL_CONVERSION = YES;
				CLANG_WARN_OBJC_ROOT_CLASS = YES_ERROR;
				CLANG_WARN_QUOTED_INCLUDE_IN_FRAMEWORK_HEADER = YES;
				CLANG_WARN_RANGE_LOOP_ANALYSIS = YES;
				CLANG_WARN_STRICT_PROTOTYPES = YES;
				CLANG_WARN_SUSPICIOUS_MOVE = YES;
				CLANG_WARN_UNGUARDED_AVAILABILITY = YES_AGGRESSIVE;
				CLANG_WARN_UNREACHABLE_CODE = YES;
				CLANG_WARN__DUPLICATE_METHOD_MATCH = YES;
				COPY_PHASE_STRIP = NO;
				DEBUG_INFORMATION_FORMAT = "dwarf-with-dsym";
				ENABLE_NS_ASSERTIONS = NO;
				ENABLE_STRICT_OBJC_MSGSEND = YES;
				GCC_C_LANGUAGE_STANDARD = gnu11;
				GCC_NO_COMMON_BLOCKS = YES;
				GCC_WARN_64_TO_32_BIT_CONVERSION = YES;
				GCC_WARN_ABOUT_RETURN_TYPE = YES_ERROR;
				GCC_WARN_UNDECLARED_SELECTOR = YES;
				GCC_WARN_UNINITIALIZED_AUTOS = YES_AGGRESSIVE;
				GCC_WARN_UNUSED_FUNCTION = YES;
				GCC_WARN_UNUSED_VARIABLE = YES;
				IPHONEOS_DEPLOYMENT_TARGET = 16.2;
				MTL_ENABLE_DEBUG_INFO = NO;
				MTL_FAST_MATH = YES;
				SDKROOT = iphoneos;
				SWIFT_COMPILATION_MODE = wholemodule;
				SWIFT_OPTIMIZATION_LEVEL = "-O";
				VALIDATE_PRODUCT = YES;
			};
			name = Release;
		};
		8558579C2A2061AD00E1B46B /* Debug */ = {
			isa = XCBuildConfiguration;
			baseConfigurationReference = BDA0E99686CD33D8F512870C /* Pods-Fitpet.debug.xcconfig */;
			buildSettings = {
				ASSETCATALOG_COMPILER_APPICON_NAME = AppIcon;
				ASSETCATALOG_COMPILER_GLOBAL_ACCENT_COLOR_NAME = AccentColor;
				CODE_SIGN_STYLE = Automatic;
				CURRENT_PROJECT_VERSION = 1;
				DEVELOPMENT_TEAM = FCSCB5UUD5;
				GENERATE_INFOPLIST_FILE = YES;
				INFOPLIST_FILE = Fitpet/Info.plist;
				INFOPLIST_KEY_UIApplicationSupportsIndirectInputEvents = YES;
				INFOPLIST_KEY_UILaunchStoryboardName = LaunchScreen;
				INFOPLIST_KEY_UISupportedInterfaceOrientations_iPad = "UIInterfaceOrientationPortrait UIInterfaceOrientationPortraitUpsideDown UIInterfaceOrientationLandscapeLeft UIInterfaceOrientationLandscapeRight";
				INFOPLIST_KEY_UISupportedInterfaceOrientations_iPhone = "UIInterfaceOrientationPortrait UIInterfaceOrientationLandscapeLeft UIInterfaceOrientationLandscapeRight";
				LD_RUNPATH_SEARCH_PATHS = (
					"$(inherited)",
					"@executable_path/Frameworks",
				);
				MARKETING_VERSION = 1.0;
				PRODUCT_BUNDLE_IDENTIFIER = com.jadeblueskies.Fitpet;
				PRODUCT_NAME = "$(TARGET_NAME)";
				SWIFT_EMIT_LOC_STRINGS = YES;
				SWIFT_VERSION = 5.0;
				TARGETED_DEVICE_FAMILY = "1,2";
			};
			name = Debug;
		};
		8558579D2A2061AD00E1B46B /* Release */ = {
			isa = XCBuildConfiguration;
			baseConfigurationReference = 33ACF175A3DFA814A29F7DEA /* Pods-Fitpet.release.xcconfig */;
			buildSettings = {
				ASSETCATALOG_COMPILER_APPICON_NAME = AppIcon;
				ASSETCATALOG_COMPILER_GLOBAL_ACCENT_COLOR_NAME = AccentColor;
				CODE_SIGN_STYLE = Automatic;
				CURRENT_PROJECT_VERSION = 1;
				DEVELOPMENT_TEAM = FCSCB5UUD5;
				GENERATE_INFOPLIST_FILE = YES;
				INFOPLIST_FILE = Fitpet/Info.plist;
				INFOPLIST_KEY_UIApplicationSupportsIndirectInputEvents = YES;
				INFOPLIST_KEY_UILaunchStoryboardName = LaunchScreen;
				INFOPLIST_KEY_UISupportedInterfaceOrientations_iPad = "UIInterfaceOrientationPortrait UIInterfaceOrientationPortraitUpsideDown UIInterfaceOrientationLandscapeLeft UIInterfaceOrientationLandscapeRight";
				INFOPLIST_KEY_UISupportedInterfaceOrientations_iPhone = "UIInterfaceOrientationPortrait UIInterfaceOrientationLandscapeLeft UIInterfaceOrientationLandscapeRight";
				LD_RUNPATH_SEARCH_PATHS = (
					"$(inherited)",
					"@executable_path/Frameworks",
				);
				MARKETING_VERSION = 1.0;
				PRODUCT_BUNDLE_IDENTIFIER = com.jadeblueskies.Fitpet;
				PRODUCT_NAME = "$(TARGET_NAME)";
				SWIFT_EMIT_LOC_STRINGS = YES;
				SWIFT_VERSION = 5.0;
				TARGETED_DEVICE_FAMILY = "1,2";
			};
			name = Release;
		};
		8558579F2A2061AD00E1B46B /* Debug */ = {
			isa = XCBuildConfiguration;
			baseConfigurationReference = FCD5E10E21E0C7E0B2938623 /* Pods-FitpetTests.debug.xcconfig */;
			buildSettings = {
				ALWAYS_EMBED_SWIFT_STANDARD_LIBRARIES = YES;
				BUNDLE_LOADER = "$(TEST_HOST)";
				CODE_SIGN_STYLE = Automatic;
				CURRENT_PROJECT_VERSION = 1;
				DEVELOPMENT_TEAM = FCSCB5UUD5;
				GENERATE_INFOPLIST_FILE = YES;
				IPHONEOS_DEPLOYMENT_TARGET = 16.2;
				MARKETING_VERSION = 1.0;
				PRODUCT_BUNDLE_IDENTIFIER = com.jadeblueskies.FitpetTests;
				PRODUCT_NAME = "$(TARGET_NAME)";
				SWIFT_EMIT_LOC_STRINGS = NO;
				SWIFT_VERSION = 5.0;
				TARGETED_DEVICE_FAMILY = "1,2";
				TEST_HOST = "$(BUILT_PRODUCTS_DIR)/Fitpet.app/$(BUNDLE_EXECUTABLE_FOLDER_PATH)/Fitpet";
			};
			name = Debug;
		};
		855857A02A2061AD00E1B46B /* Release */ = {
			isa = XCBuildConfiguration;
			baseConfigurationReference = 5D43AA14613EBF90167347DB /* Pods-FitpetTests.release.xcconfig */;
			buildSettings = {
				ALWAYS_EMBED_SWIFT_STANDARD_LIBRARIES = YES;
				BUNDLE_LOADER = "$(TEST_HOST)";
				CODE_SIGN_STYLE = Automatic;
				CURRENT_PROJECT_VERSION = 1;
				DEVELOPMENT_TEAM = FCSCB5UUD5;
				GENERATE_INFOPLIST_FILE = YES;
				IPHONEOS_DEPLOYMENT_TARGET = 16.2;
				MARKETING_VERSION = 1.0;
				PRODUCT_BUNDLE_IDENTIFIER = com.jadeblueskies.FitpetTests;
				PRODUCT_NAME = "$(TARGET_NAME)";
				SWIFT_EMIT_LOC_STRINGS = NO;
				SWIFT_VERSION = 5.0;
				TARGETED_DEVICE_FAMILY = "1,2";
				TEST_HOST = "$(BUILT_PRODUCTS_DIR)/Fitpet.app/$(BUNDLE_EXECUTABLE_FOLDER_PATH)/Fitpet";
			};
			name = Release;
		};
		855857A22A2061AD00E1B46B /* Debug */ = {
			isa = XCBuildConfiguration;
			baseConfigurationReference = 60274A72C72501015F696EAE /* Pods-Fitpet-FitpetUITests.debug.xcconfig */;
			buildSettings = {
				ALWAYS_EMBED_SWIFT_STANDARD_LIBRARIES = YES;
				CODE_SIGN_STYLE = Automatic;
				CURRENT_PROJECT_VERSION = 1;
				DEVELOPMENT_TEAM = FCSCB5UUD5;
				GENERATE_INFOPLIST_FILE = YES;
				MARKETING_VERSION = 1.0;
				PRODUCT_BUNDLE_IDENTIFIER = com.jadeblueskies.FitpetUITests;
				PRODUCT_NAME = "$(TARGET_NAME)";
				SWIFT_EMIT_LOC_STRINGS = NO;
				SWIFT_VERSION = 5.0;
				TARGETED_DEVICE_FAMILY = "1,2";
				TEST_TARGET_NAME = Fitpet;
			};
			name = Debug;
		};
		855857A32A2061AD00E1B46B /* Release */ = {
			isa = XCBuildConfiguration;
			baseConfigurationReference = D79B727A3F59112D2570B1C6 /* Pods-Fitpet-FitpetUITests.release.xcconfig */;
			buildSettings = {
				ALWAYS_EMBED_SWIFT_STANDARD_LIBRARIES = YES;
				CODE_SIGN_STYLE = Automatic;
				CURRENT_PROJECT_VERSION = 1;
				DEVELOPMENT_TEAM = FCSCB5UUD5;
				GENERATE_INFOPLIST_FILE = YES;
				MARKETING_VERSION = 1.0;
				PRODUCT_BUNDLE_IDENTIFIER = com.jadeblueskies.FitpetUITests;
				PRODUCT_NAME = "$(TARGET_NAME)";
				SWIFT_EMIT_LOC_STRINGS = NO;
				SWIFT_VERSION = 5.0;
				TARGETED_DEVICE_FAMILY = "1,2";
				TEST_TARGET_NAME = Fitpet;
			};
			name = Release;
		};
/* End XCBuildConfiguration section */

/* Begin XCConfigurationList section */
		8558576C2A2061AC00E1B46B /* Build configuration list for PBXProject "Fitpet" */ = {
			isa = XCConfigurationList;
			buildConfigurations = (
				855857992A2061AD00E1B46B /* Debug */,
				8558579A2A2061AD00E1B46B /* Release */,
			);
			defaultConfigurationIsVisible = 0;
			defaultConfigurationName = Release;
		};
		8558579B2A2061AD00E1B46B /* Build configuration list for PBXNativeTarget "Fitpet" */ = {
			isa = XCConfigurationList;
			buildConfigurations = (
				8558579C2A2061AD00E1B46B /* Debug */,
				8558579D2A2061AD00E1B46B /* Release */,
			);
			defaultConfigurationIsVisible = 0;
			defaultConfigurationName = Release;
		};
		8558579E2A2061AD00E1B46B /* Build configuration list for PBXNativeTarget "FitpetTests" */ = {
			isa = XCConfigurationList;
			buildConfigurations = (
				8558579F2A2061AD00E1B46B /* Debug */,
				855857A02A2061AD00E1B46B /* Release */,
			);
			defaultConfigurationIsVisible = 0;
			defaultConfigurationName = Release;
		};
		855857A12A2061AD00E1B46B /* Build configuration list for PBXNativeTarget "FitpetUITests" */ = {
			isa = XCConfigurationList;
			buildConfigurations = (
				855857A22A2061AD00E1B46B /* Debug */,
				855857A32A2061AD00E1B46B /* Release */,
			);
			defaultConfigurationIsVisible = 0;
			defaultConfigurationName = Release;
		};
/* End XCConfigurationList section */
	};
	rootObject = 855857692A2061AC00E1B46B /* Project object */;
}
